
Microsoft Visual Studio Solution File, Format Version 12.00
# Visual Studio 15
VisualStudioVersion = 15.0.27004.2010
MinimumVisualStudioVersion = 10.0.40219.1
Project("{F2A71F9B-5D33-465A-A702-920D77279786}") = "Matarisvan", "Matarisvan\Matarisvan.fsproj", "{537CEEA2-BFF1-46BA-B141-D46769E7A652}"
EndProject
Project("{F2A71F9B-5D33-465A-A702-920D77279786}") = "Matarisvan.Test", "Matarisvan.Test\Matarisvan.Test.fsproj", "{46406ABE-38E5-4C1D-A47E-8A99AA759E4D}"
EndProject
Project("{F2A71F9B-5D33-465A-A702-920D77279786}") = "Matarisvan.WebApi", "Matarisvan.WebApi\Matarisvan.WebApi.fsproj", "{FD707222-6DEE-47DD-83A0-6D436E8D79E7}"
EndProject
Global
	GlobalSection(SolutionConfigurationPlatforms) = preSolution
		Debug|Any CPU = Debug|Any CPU
		Release|Any CPU = Release|Any CPU
	EndGlobalSection
	GlobalSection(ProjectConfigurationPlatforms) = postSolution
		{537CEEA2-BFF1-46BA-B141-D46769E7A652}.Debug|Any CPU.ActiveCfg = Debug|Any CPU
		{537CEEA2-BFF1-46BA-B141-D46769E7A652}.Debug|Any CPU.Build.0 = Debug|Any CPU
		{537CEEA2-BFF1-46BA-B141-D46769E7A652}.Release|Any CPU.ActiveCfg = Release|Any CPU
		{537CEEA2-BFF1-46BA-B141-D46769E7A652}.Release|Any CPU.Build.0 = Release|Any CPU
		{46406ABE-38E5-4C1D-A47E-8A99AA759E4D}.Debug|Any CPU.ActiveCfg = Debug|Any CPU
		{46406ABE-38E5-4C1D-A47E-8A99AA759E4D}.Debug|Any CPU.Build.0 = Debug|Any CPU
		{46406ABE-38E5-4C1D-A47E-8A99AA759E4D}.Release|Any CPU.ActiveCfg = Release|Any CPU
		{46406ABE-38E5-4C1D-A47E-8A99AA759E4D}.Release|Any CPU.Build.0 = Release|Any CPU
		{FD707222-6DEE-47DD-83A0-6D436E8D79E7}.Debug|Any CPU.ActiveCfg = Debug|Any CPU
		{FD707222-6DEE-47DD-83A0-6D436E8D79E7}.Debug|Any CPU.Build.0 = Debug|Any CPU
		{FD707222-6DEE-47DD-83A0-6D436E8D79E7}.Release|Any CPU.ActiveCfg = Release|Any CPU
		{FD707222-6DEE-47DD-83A0-6D436E8D79E7}.Release|Any CPU.Build.0 = Release|Any CPU
	EndGlobalSection
	GlobalSection(SolutionProperties) = preSolution
		HideSolutionNode = FALSE
	EndGlobalSection
	GlobalSection(ExtensibilityGlobals) = postSolution
		SolutionGuid = {17BD80A2-9B59-4EFE-96B7-0C85A3894029}
	EndGlobalSection
EndGlobal
